
Microsoft Visual Studio Solution File, Format Version 12.00
# Visual Studio Version 17
VisualStudioVersion = 17.2.32516.85
MinimumVisualStudioVersion = 10.0.40219.1
Project("{9A19103F-16F7-4668-BE54-9A1E7A4F7556}") = "Secretariat_Soft", "Secretariat_Soft\Secretariat_Soft.csproj", "{537BE136-272F-42CE-9174-ED3385E0DD03}"
EndProject
Project("{9A19103F-16F7-4668-BE54-9A1E7A4F7556}") = "AnalogClock", "AnalogClock.NET6\AnalogClock.csproj", "{AF015B61-C71E-4ED9-B0DB-6E6AFFFD6AFC}"
EndProject
Project("{FAE04EC0-301F-11D3-BF4B-00C04F79EFBC}") = "MyRep", "MyRep\MyRep.csproj", "{8C28676F-388F-4614-B952-E317FCDF82D0}"
EndProject
Global
	GlobalSection(SolutionConfigurationPlatforms) = preSolution
		Debug|Any CPU = Debug|Any CPU
		Release|Any CPU = Release|Any CPU
	EndGlobalSection
	GlobalSection(ProjectConfigurationPlatforms) = postSolution
		{537BE136-272F-42CE-9174-ED3385E0DD03}.Debug|Any CPU.ActiveCfg = Debug|Any CPU
		{537BE136-272F-42CE-9174-ED3385E0DD03}.Debug|Any CPU.Build.0 = Debug|Any CPU
		{537BE136-272F-42CE-9174-ED3385E0DD03}.Release|Any CPU.ActiveCfg = Release|Any CPU
		{537BE136-272F-42CE-9174-ED3385E0DD03}.Release|Any CPU.Build.0 = Release|Any CPU
		{AF015B61-C71E-4ED9-B0DB-6E6AFFFD6AFC}.Debug|Any CPU.ActiveCfg = Debug|Any CPU
		{AF015B61-C71E-4ED9-B0DB-6E6AFFFD6AFC}.Debug|Any CPU.Build.0 = Debug|Any CPU
		{AF015B61-C71E-4ED9-B0DB-6E6AFFFD6AFC}.Release|Any CPU.ActiveCfg = Release|Any CPU
		{AF015B61-C71E-4ED9-B0DB-6E6AFFFD6AFC}.Release|Any CPU.Build.0 = Release|Any CPU
		{8C28676F-388F-4614-B952-E317FCDF82D0}.Debug|Any CPU.ActiveCfg = Debug|Any CPU
		{8C28676F-388F-4614-B952-E317FCDF82D0}.Debug|Any CPU.Build.0 = Debug|Any CPU
		{8C28676F-388F-4614-B952-E317FCDF82D0}.Release|Any CPU.ActiveCfg = Release|Any CPU
		{8C28676F-388F-4614-B952-E317FCDF82D0}.Release|Any CPU.Build.0 = Release|Any CPU
	EndGlobalSection
	GlobalSection(SolutionProperties) = preSolution
		HideSolutionNode = FALSE
	EndGlobalSection
	GlobalSection(ExtensibilityGlobals) = postSolution
		SolutionGuid = {92E62430-A7BD-4286-A679-14266B7BE619}
	EndGlobalSection
EndGlobal
